
Microsoft Visual Studio Solution File, Format Version 12.00
# Visual Studio Version 17
VisualStudioVersion = 17.8.34525.116
MinimumVisualStudioVersion = 10.0.40219.1
Project("{FAE04EC0-301F-11D3-BF4B-00C04F79EFBC}") = "RandomNumberGenerator", "RandomNumberGenerator\RandomNumberGenerator.csproj", "{F3F6B8F2-2C9E-4053-BA8C-F5763677299A}"
EndProject
Global
	GlobalSection(SolutionConfigurationPlatforms) = preSolution
		Debug|Any CPU = Debug|Any CPU
		Release|Any CPU = Release|Any CPU
	EndGlobalSection
	GlobalSection(ProjectConfigurationPlatforms) = postSolution
		{F3F6B8F2-2C9E-4053-BA8C-F5763677299A}.Debug|Any CPU.ActiveCfg = Debug|Any CPU
		{F3F6B8F2-2C9E-4053-BA8C-F5763677299A}.Debug|Any CPU.Build.0 = Debug|Any CPU
		{F3F6B8F2-2C9E-4053-BA8C-F5763677299A}.Release|Any CPU.ActiveCfg = Release|Any CPU
		{F3F6B8F2-2C9E-4053-BA8C-F5763677299A}.Release|Any CPU.Build.0 = Release|Any CPU
	EndGlobalSection
	GlobalSection(SolutionProperties) = preSolution
		HideSolutionNode = FALSE
	EndGlobalSection
	GlobalSection(ExtensibilityGlobals) = postSolution
		SolutionGuid = {74133A59-AED9-4BE3-8633-D7E13F19A143}
	EndGlobalSection
EndGlobal
